
Microsoft Visual Studio Solution File, Format Version 12.00
# Visual Studio 15
VisualStudioVersion = 15.0.27130.2020
MinimumVisualStudioVersion = 10.0.40219.1
Project("{8BC9CEB8-8B4A-11D0-8D11-00A0C91BC942}") = "fraction", "fraction\fraction.vcxproj", "{219AE0AD-EB8C-4ACF-BBC9-AE9113E83694}"
EndProject
Global
	GlobalSection(SolutionConfigurationPlatforms) = preSolution
		Debug|x64 = Debug|x64
		Debug|x86 = Debug|x86
		Release|x64 = Release|x64
		Release|x86 = Release|x86
	EndGlobalSection
	GlobalSection(ProjectConfigurationPlatforms) = postSolution
		{219AE0AD-EB8C-4ACF-BBC9-AE9113E83694}.Debug|x64.ActiveCfg = Debug|x64
		{219AE0AD-EB8C-4ACF-BBC9-AE9113E83694}.Debug|x64.Build.0 = Debug|x64
		{219AE0AD-EB8C-4ACF-BBC9-AE9113E83694}.Debug|x86.ActiveCfg = Debug|Win32
		{219AE0AD-EB8C-4ACF-BBC9-AE9113E83694}.Debug|x86.Build.0 = Debug|Win32
		{219AE0AD-EB8C-4ACF-BBC9-AE9113E83694}.Release|x64.ActiveCfg = Release|x64
		{219AE0AD-EB8C-4ACF-BBC9-AE9113E83694}.Release|x64.Build.0 = Release|x64
		{219AE0AD-EB8C-4ACF-BBC9-AE9113E83694}.Release|x86.ActiveCfg = Release|Win32
		{219AE0AD-EB8C-4ACF-BBC9-AE9113E83694}.Release|x86.Build.0 = Release|Win32
	EndGlobalSection
	GlobalSection(SolutionProperties) = preSolution
		HideSolutionNode = FALSE
	EndGlobalSection
	GlobalSection(ExtensibilityGlobals) = postSolution
		SolutionGuid = {C4C65CBE-E83E-41E5-B4CE-6750E66CEDDF}
	EndGlobalSection
EndGlobal
